github.com/sonnyariady/go-simple-calc v1.0.0 h1:q9f1/uHf75SyZfIJ/ufNvVgVKlk+YXoyIEYIT8Basng=
github.com/sonnyariady/go-simple-calc v1.0.0/go.mod h1:vbVkVJmFO9MKrRHkUtevMrANa1daMKAY7fjXDxSZjRs=
github.com/sonnyariady/go-simple-calc v1.1.0 h1:kCd9aIZPL3rUG6kJTrs72EstuY5xOon1TbRJefXVkts=
github.com/sonnyariady/go-simple-calc v1.1.0/go.mod h1:vbVkVJmFO9MKrRHkUtevMrANa1daMKAY7fjXDxSZjRs=
github.com/sonnyariady/go-simple-calc v1.5.0 h1:S04tpcG2HdXvB518Iiy/TmVy3RbE77eKb0opdOVrSGU=
github.com/sonnyariady/go-simple-calc v1.5.0/go.mod h1:vbVkVJmFO9MKrRHkUtevMrANa1daMKAY7fjXDxSZjRs=
github.com/sonnyariady/go-simple-calc/v2 v2.0.0 h1:bFtEsjwi/KVXs+sdbWOVPSMOyDIQLUDx6jGRwblgN/M=
github.com/sonnyariady/go-simple-calc/v2 v2.0.0/go.mod h1:r83ri5IlGp2eTbR3XMDs6dXfIQrGo6D3ywIn5u2iDK0=
